# This file is automatically @generated by Cargo.
# It is not intended for manual editing.
version = 4

[[package]]
name = "brainfuck"
version = "0.1.0"
dependencies = [
 "shittyinput",
]

[[package]]
name = "shittyinput"
version = "1.1.1"
source = "registry+https://github.com/rust-lang/crates.io-index"
checksum = "bdd09fad429ee3680c79fef7642a377e7ca23480221e2635b8c64b6c877ce39f"
