# This file is automatically @generated by Cargo.
# It is not intended for manual editing.
version = 4

[[package]]
name = "brainfuck"
version = "0.1.0"
dependencies = [
 "shittyinput",
]

[[package]]
name = "shittyinput"
version = "1.0.0"
source = "registry+https://github.com/rust-lang/crates.io-index"
checksum = "4aeb420a3b631b6b700b34bc2929eba5a7df061aca5d7f6a81f5d732f8ba62d7"
